{
  "version": 4,
  "terraform_version": "0.12.31",
  "serial": 39,
  "lineage": "7b82efe8-d2e4-de4f-e2eb-61b51465578f",
  "outputs": {
    "auth-config": {
      "value": "\n\napiVersion: v1\nkind: ConfigMap\nmetadata:\n  name: aws-auth\n  namespace: kube-system\ndata:\n  mapRoles: |\n    ### this line is very important \n    ### this is used for attching nodes with the cluster\n    - rolearn: arn:aws:iam::896608052039:role/dev_node\n      username: system:node:{{EC2PrivateDNSName}}\n      groups:\n        - system:bootstrappers\n        - system:nodes\n    - rolearn: arn:aws:iam::228699574855:role/Shyam_Role\n      username: Shyam_role\n      groups:\n        - system:bootstrappers\n        - system:nodes\n        - system:masters\n  mapUsers: |\n    - userarn: arn:aws:iam::228699574855:root\n      username: root_user\n      groups:\n        - system:masters\n    - userarn: arn:aws:iam::228699574855:user/Shyam\n      username: shyam\n      groups:\n        - system:masters\n",
      "type": "string"
    }
  },
  "resources": [
    {
      "module": "module.eks_setup",
      "mode": "data",
      "type": "aws_internet_gateway",
      "name": "ig",
      "provider": "provider.aws",
      "instances": [
        {
          "schema_version": 0,
          "attributes": {
            "arn": "arn:aws:ec2:us-east-2:896608052039:internet-gateway/igw-06d6683eadff16593",
            "attachments": [
              {
                "state": "available",
                "vpc_id": "vpc-062b88549320b2ad4"
              }
            ],
            "filter": [
              {
                "name": "attachment.vpc-id",
                "values": [
                  "vpc-062b88549320b2ad4"
                ]
              }
            ],
            "id": "igw-06d6683eadff16593",
            "internet_gateway_id": "igw-06d6683eadff16593",
            "owner_id": "896608052039",
            "tags": {
              "Name": "dev"
            },
            "timeouts": null
          }
        }
      ]
    },
    {
      "module": "module.eks_setup",
      "mode": "data",
      "type": "aws_security_group",
      "name": "eks_vpc",
      "provider": "provider.aws",
      "instances": [
        {
          "schema_version": 0,
          "attributes": {
            "arn": "arn:aws:ec2:us-east-2:896608052039:security-group/sg-057d192f497e9769f",
            "description": "default VPC security group",
            "filter": null,
            "id": "sg-057d192f497e9769f",
            "name": "default",
            "tags": {},
            "timeouts": null,
            "vpc_id": "vpc-062b88549320b2ad4"
          }
        }
      ]
    },
    {
      "module": "module.eks_setup",
      "mode": "data",
      "type": "aws_vpc",
      "name": "eks_vpc",
      "provider": "provider.aws",
      "instances": [
        {
          "schema_version": 0,
          "attributes": {
            "arn": "arn:aws:ec2:us-east-2:896608052039:vpc/vpc-062b88549320b2ad4",
            "cidr_block": "10.55.0.0/16",
            "cidr_block_associations": [
              {
                "association_id": "vpc-cidr-assoc-0134e95c1a59df29b",
                "cidr_block": "10.55.0.0/16",
                "state": "associated"
              }
            ],
            "default": false,
            "dhcp_options_id": "dopt-0efb443f4fd4239d1",
            "enable_dns_hostnames": true,
            "enable_dns_support": true,
            "enable_network_address_usage_metrics": false,
            "filter": null,
            "id": "vpc-062b88549320b2ad4",
            "instance_tenancy": "default",
            "ipv6_association_id": "",
            "ipv6_cidr_block": "",
            "main_route_table_id": "rtb-08c77d071365fcb28",
            "owner_id": "896608052039",
            "state": null,
            "tags": {
              "Environment": "dev",
              "Name": "dev"
            },
            "timeouts": null
          }
        }
      ]
    },
    {
      "mode": "data",
      "type": "aws_vpc",
      "name": "vpc",
      "provider": "provider.aws",
      "instances": [
        {
          "schema_version": 0,
          "attributes": {
            "arn": "arn:aws:ec2:us-east-2:896608052039:vpc/vpc-062b88549320b2ad4",
            "cidr_block": "10.55.0.0/16",
            "cidr_block_associations": [
              {
                "association_id": "vpc-cidr-assoc-0134e95c1a59df29b",
                "cidr_block": "10.55.0.0/16",
                "state": "associated"
              }
            ],
            "default": false,
            "dhcp_options_id": "dopt-0efb443f4fd4239d1",
            "enable_dns_hostnames": true,
            "enable_dns_support": true,
            "enable_network_address_usage_metrics": false,
            "filter": [
              {
                "name": "tag:Environment",
                "values": [
                  "dev"
                ]
              },
              {
                "name": "tag:Name",
                "values": [
                  "dev"
                ]
              }
            ],
            "id": "vpc-062b88549320b2ad4",
            "instance_tenancy": "default",
            "ipv6_association_id": "",
            "ipv6_cidr_block": "",
            "main_route_table_id": "rtb-08c77d071365fcb28",
            "owner_id": "896608052039",
            "state": null,
            "tags": {
              "Environment": "dev",
              "Name": "dev"
            },
            "timeouts": null
          }
        }
      ]
    },
    {
      "module": "module.eks_setup",
      "mode": "managed",
      "type": "aws_autoscaling_group",
      "name": "eks",
      "each": "list",
      "provider": "provider.aws",
      "instances": [
        {
          "index_key": 0,
          "status": "tainted",
          "schema_version": 1,
          "attributes": {
            "arn": null,
            "availability_zones": [],
            "capacity_rebalance": null,
            "context": null,
            "default_cooldown": null,
            "default_instance_warmup": null,
            "desired_capacity": null,
            "desired_capacity_type": null,
            "enabled_metrics": null,
            "force_delete": false,
            "force_delete_warm_pool": false,
            "health_check_grace_period": 300,
            "health_check_type": null,
            "id": "eks-dev-us-east-2a",
            "ignore_failed_scaling_activities": false,
            "initial_lifecycle_hook": [],
            "instance_refresh": [],
            "launch_configuration": "eks-dev20231115145442702100000008",
            "launch_template": null,
            "load_balancers": [],
            "max_instance_lifetime": null,
            "max_size": 3,
            "metrics_granularity": "1Minute",
            "min_elb_capacity": null,
            "min_size": 1,
            "mixed_instances_policy": null,
            "name": "eks-dev-us-east-2a",
            "name_prefix": null,
            "placement_group": null,
            "predicted_capacity": null,
            "protect_from_scale_in": false,
            "service_linked_role_arn": null,
            "suspended_processes": null,
            "tag": [
              {
                "key": "Name",
                "propagate_at_launch": true,
                "value": "eks-dev"
              },
              {
                "key": "k8s.io/cluster-autoscaler/enabled",
                "propagate_at_launch": true,
                "value": ""
              },
              {
                "key": "kubernetes.io/cluster/dev",
                "propagate_at_launch": true,
                "value": "owned"
              }
            ],
            "target_group_arns": [],
            "termination_policies": [
              "NewestInstance",
              "OldestLaunchConfiguration"
            ],
            "timeouts": null,
            "traffic_source": [],
            "vpc_zone_identifier": [
              "subnet-0e2452f2376bc214d"
            ],
            "wait_for_capacity_timeout": "10m",
            "wait_for_elb_capacity": null,
            "warm_pool": [],
            "warm_pool_size": null
          },
          "private": "eyJlMmJmYjczMC1lY2FhLTExZTYtOGY4OC0zNDM2M2JjN2M0YzAiOnsiZGVsZXRlIjo2MDAwMDAwMDAwMDAsInVwZGF0ZSI6NjAwMDAwMDAwMDAwfSwic2NoZW1hX3ZlcnNpb24iOiIxIn0=",
          "dependencies": [
            "module.eks_setup.aws_eks_cluster.eks",
            "module.eks_setup.aws_iam_instance_profile.eks_node",
            "module.eks_setup.aws_iam_role.eks",
            "module.eks_setup.aws_iam_role.eks-node",
            "module.eks_setup.aws_iam_role_policy_attachment.eks-AmazonEKSClusterPolicy",
            "module.eks_setup.aws_iam_role_policy_attachment.eks-AmazonEKSServicePolicy",
            "module.eks_setup.aws_launch_configuration.eks",
            "module.eks_setup.aws_security_group.eks_node_to_cluster",
            "module.eks_setup.aws_security_group.eks_node_to_node",
            "module.eks_setup.aws_subnet.eks_subnet-private",
            "module.eks_setup.aws_subnet.eks_subnet-public"
          ]
        },
        {
          "index_key": 1,
          "status": "tainted",
          "schema_version": 1,
          "attributes": {
            "arn": null,
            "availability_zones": [],
            "capacity_rebalance": null,
            "context": null,
            "default_cooldown": null,
            "default_instance_warmup": null,
            "desired_capacity": null,
            "desired_capacity_type": null,
            "enabled_metrics": null,
            "force_delete": false,
            "force_delete_warm_pool": false,
            "health_check_grace_period": 300,
            "health_check_type": null,
            "id": "eks-dev-us-east-2b",
            "ignore_failed_scaling_activities": false,
            "initial_lifecycle_hook": [],
            "instance_refresh": [],
            "launch_configuration": "eks-dev20231115145442702100000008",
            "launch_template": null,
            "load_balancers": [],
            "max_instance_lifetime": null,
            "max_size": 3,
            "metrics_granularity": "1Minute",
            "min_elb_capacity": null,
            "min_size": 1,
            "mixed_instances_policy": null,
            "name": "eks-dev-us-east-2b",
            "name_prefix": null,
            "placement_group": null,
            "predicted_capacity": null,
            "protect_from_scale_in": false,
            "service_linked_role_arn": null,
            "suspended_processes": null,
            "tag": [
              {
                "key": "Name",
                "propagate_at_launch": true,
                "value": "eks-dev"
              },
              {
                "key": "k8s.io/cluster-autoscaler/enabled",
                "propagate_at_launch": true,
                "value": ""
              },
              {
                "key": "kubernetes.io/cluster/dev",
                "propagate_at_launch": true,
                "value": "owned"
              }
            ],
            "target_group_arns": [],
            "termination_policies": [
              "NewestInstance",
              "OldestLaunchConfiguration"
            ],
            "timeouts": null,
            "traffic_source": [],
            "vpc_zone_identifier": [
              "subnet-0439a84c49df5ccbd"
            ],
            "wait_for_capacity_timeout": "10m",
            "wait_for_elb_capacity": null,
            "warm_pool": [],
            "warm_pool_size": null
          },
          "private": "eyJlMmJmYjczMC1lY2FhLTExZTYtOGY4OC0zNDM2M2JjN2M0YzAiOnsiZGVsZXRlIjo2MDAwMDAwMDAwMDAsInVwZGF0ZSI6NjAwMDAwMDAwMDAwfSwic2NoZW1hX3ZlcnNpb24iOiIxIn0=",
          "dependencies": [
            "module.eks_setup.aws_eks_cluster.eks",
            "module.eks_setup.aws_iam_instance_profile.eks_node",
            "module.eks_setup.aws_iam_role.eks",
            "module.eks_setup.aws_iam_role.eks-node",
            "module.eks_setup.aws_iam_role_policy_attachment.eks-AmazonEKSClusterPolicy",
            "module.eks_setup.aws_iam_role_policy_attachment.eks-AmazonEKSServicePolicy",
            "module.eks_setup.aws_launch_configuration.eks",
            "module.eks_setup.aws_security_group.eks_node_to_cluster",
            "module.eks_setup.aws_security_group.eks_node_to_node",
            "module.eks_setup.aws_subnet.eks_subnet-private",
            "module.eks_setup.aws_subnet.eks_subnet-public"
          ]
        }
      ]
    },
    {
      "module": "module.eks_setup",
      "mode": "managed",
      "type": "aws_eip",
      "name": "nat_eip",
      "each": "list",
      "provider": "provider.aws",
      "instances": [
        {
          "index_key": 0,
          "schema_version": 0,
          "attributes": {
            "address": null,
            "allocation_id": "eipalloc-09e7e007fe54bf6ad",
            "associate_with_private_ip": null,
            "association_id": "",
            "carrier_ip": "",
            "customer_owned_ip": "",
            "customer_owned_ipv4_pool": "",
            "domain": "vpc",
            "id": "eipalloc-09e7e007fe54bf6ad",
            "instance": "",
            "network_border_group": "us-east-2",
            "network_interface": "",
            "private_dns": null,
            "private_ip": "",
            "public_dns": "ec2-3-19-2-218.us-east-2.compute.amazonaws.com",
            "public_ip": "3.19.2.218",
            "public_ipv4_pool": "amazon",
            "tags": {
              "Name": "nat_a"
            },
            "tags_all": {
              "Name": "nat_a"
            },
            "timeouts": null,
            "vpc": true
          },
          "private": "eyJlMmJmYjczMC1lY2FhLTExZTYtOGY4OC0zNDM2M2JjN2M0YzAiOnsiZGVsZXRlIjoxODAwMDAwMDAwMDAsInJlYWQiOjkwMDAwMDAwMDAwMCwidXBkYXRlIjozMDAwMDAwMDAwMDB9fQ=="
        },
        {
          "index_key": 1,
          "schema_version": 0,
          "attributes": {
            "address": null,
            "allocation_id": "eipalloc-09681ce21e17d6eb9",
            "associate_with_private_ip": null,
            "association_id": "",
            "carrier_ip": "",
            "customer_owned_ip": "",
            "customer_owned_ipv4_pool": "",
            "domain": "vpc",
            "id": "eipalloc-09681ce21e17d6eb9",
            "instance": "",
            "network_border_group": "us-east-2",
            "network_interface": "",
            "private_dns": null,
            "private_ip": "",
            "public_dns": "ec2-3-22-191-30.us-east-2.compute.amazonaws.com",
            "public_ip": "3.22.191.30",
            "public_ipv4_pool": "amazon",
            "tags": {
              "Name": "nat_b"
            },
            "tags_all": {
              "Name": "nat_b"
            },
            "timeouts": null,
            "vpc": true
          },
          "private": "eyJlMmJmYjczMC1lY2FhLTExZTYtOGY4OC0zNDM2M2JjN2M0YzAiOnsiZGVsZXRlIjoxODAwMDAwMDAwMDAsInJlYWQiOjkwMDAwMDAwMDAwMCwidXBkYXRlIjozMDAwMDAwMDAwMDB9fQ=="
        }
      ]
    },
    {
      "module": "module.eks_setup",
      "mode": "managed",
      "type": "aws_eks_cluster",
      "name": "eks",
      "provider": "provider.aws",
      "instances": [
        {
          "schema_version": 0,
          "attributes": {
            "arn": "arn:aws:eks:us-east-2:896608052039:cluster/dev",
            "certificate_authority": [
              {
                "data": "LS0tLS1CRUdJTiBDRVJUSUZJQ0FURS0tLS0tCk1JSUMvakNDQWVhZ0F3SUJBZ0lCQURBTkJna3Foa2lHOXcwQkFRc0ZBREFWTVJNd0VRWURWUVFERXdwcmRXSmwKY201bGRHVnpNQjRYRFRJek1URXhOVEUwTkRrME5Wb1hEVE16TVRFeE1qRTBORGswTlZvd0ZURVRNQkVHQTFVRQpBeE1LYTNWaVpYSnVaWFJsY3pDQ0FTSXdEUVlKS29aSWh2Y05BUUVCQlFBRGdnRVBBRENDQVFvQ2dnRUJBSzlMClFqc1JpdG1sQVpOL3ZwU1QzOE1LR3RzSmd3NGlwaTNJMzkrbUdsWEdtMXFjVitDZGNNeElTSG53djArd2tCYjAKem1tMHk5M1V1RDhmVExKSTFLT2laUWdCc0U3dElBU3J6cGxyZ1dmZzVEWVMvM0hiNjMxZDVnK25jekdFVitnbApjdkVOQUpaZ0tsSUJ4WFVXbHAyeWsrbGFiS05NNXRRRUxwaUdvZGIyZU1nNXhQNXNsWmtWTEdKR2NsSXdoeTRICldVQThlczdEbDhndXRNTDZPMFpoT1dVYnFwOTdpTXQzazJNeVFQYUdLWGlNTGkvRnhoUXMwUWpnUW5IZGtsVWYKekhvREZlSjlDazl1TmdBY1Nxa2c2Skd5eUhxYW5BV2kwL3lCOGdGWDQzYm9Od2Q4ZnhxK1RYWTBZT1NJa0crbQpMRWQ2Qk95T0VIOWswZzRUQ0JzQ0F3RUFBYU5aTUZjd0RnWURWUjBQQVFIL0JBUURBZ0trTUE4R0ExVWRFd0VCCi93UUZNQU1CQWY4d0hRWURWUjBPQkJZRUZBK09aTTlNUzFheGxVYXRCMXlMOXdFcE9KU1lNQlVHQTFVZEVRUU8KTUF5Q0NtdDFZbVZ5Ym1WMFpYTXdEUVlKS29aSWh2Y05BUUVMQlFBRGdnRUJBRmhvdFFRRXplRjFEdnprSHpkeApLWVR3ZmpPb3RmWHBHSWRZL3FRS3l2eG9GOHJSeEJFdWxQVUdyZ2EzUnlVbE1UV1M3SEVnV3JLVjVUTWpPMTRKCnRxNXJ5eVBUT2lLTkpRdUNRTnNpTGRqeDJ2RmhMUEdLN3NEckEwaDdnb3hvbWJYMjJLYkdkNllyZlkxb0lPVEYKRnFyZVpoNDEvTEhieUZhN1JGemdKdjN6b2FwYkFkYkx5L0M2eDl6M2pyRjRuSlRha3FYdzhVV1JOSlVLci9NWApCUURBNlc4SXh6Qm1EakQzc2dKdjh1Y01MWlJVTFZtVTVCWEpWa1RKaTNzVzJVU0wrbjFGZS9nQmNqd0ZmMVVqClpKTWsvNXE1UjR6aGhwck1oY24zcm5DYkdlYVYrcExTaDhiMFhuVmtRdXNnSUZHUHR0dmYzbVpJcWVMNzlDMWsKMW5JPQotLS0tLUVORCBDRVJUSUZJQ0FURS0tLS0tCg=="
              }
            ],
            "cluster_id": null,
            "created_at": "2023-11-15 14:44:43.564 +0000 UTC",
            "enabled_cluster_log_types": null,
            "encryption_config": [],
            "endpoint": "https://8D0DA6F5A8F4915CAAF4DB20D5BAC4D2.gr7.us-east-2.eks.amazonaws.com",
            "id": "dev",
            "identity": [
              {
                "oidc": [
                  {
                    "issuer": "https://oidc.eks.us-east-2.amazonaws.com/id/8D0DA6F5A8F4915CAAF4DB20D5BAC4D2"
                  }
                ]
              }
            ],
            "kubernetes_network_config": [
              {
                "ip_family": "ipv4",
                "service_ipv4_cidr": "172.20.0.0/16",
                "service_ipv6_cidr": ""
              }
            ],
            "name": "dev",
            "outpost_config": [],
            "platform_version": "eks.13",
            "role_arn": "arn:aws:iam::896608052039:role/dev",
            "status": "ACTIVE",
            "tags": null,
            "tags_all": {},
            "timeouts": null,
            "version": "1.24",
            "vpc_config": [
              {
                "cluster_security_group_id": "sg-0d697fc7f7182ac29",
                "endpoint_private_access": true,
                "endpoint_public_access": true,
                "public_access_cidrs": [
                  "0.0.0.0/0"
                ],
                "security_group_ids": [
                  "sg-0e8a3e3d2eecde7a0"
                ],
                "subnet_ids": [
                  "subnet-0439a84c49df5ccbd",
                  "subnet-04b3ab5b6b56f1f28",
                  "subnet-0e2452f2376bc214d",
                  "subnet-0fb069c0dd4b7328f"
                ],
                "vpc_id": "vpc-062b88549320b2ad4"
              }
            ]
          },
          "private": "eyJlMmJmYjczMC1lY2FhLTExZTYtOGY4OC0zNDM2M2JjN2M0YzAiOnsiY3JlYXRlIjoxODAwMDAwMDAwMDAwLCJkZWxldGUiOjkwMDAwMDAwMDAwMCwidXBkYXRlIjozNjAwMDAwMDAwMDAwfX0=",
          "dependencies": [
            "module.eks_setup.aws_iam_role.eks",
            "module.eks_setup.aws_iam_role_policy_attachment.eks-AmazonEKSClusterPolicy",
            "module.eks_setup.aws_iam_role_policy_attachment.eks-AmazonEKSServicePolicy",
            "module.eks_setup.aws_security_group.eks_node_to_cluster",
            "module.eks_setup.aws_subnet.eks_subnet-private",
            "module.eks_setup.aws_subnet.eks_subnet-public"
          ]
        }
      ]
    },
    {
      "module": "module.eks_setup",
      "mode": "managed",
      "type": "aws_iam_instance_profile",
      "name": "eks_node",
      "provider": "provider.aws",
      "instances": [
        {
          "schema_version": 0,
          "attributes": {
            "arn": "arn:aws:iam::896608052039:instance-profile/dev_node",
            "create_date": "2023-11-15T14:44:31Z",
            "id": "dev_node",
            "name": "dev_node",
            "name_prefix": "",
            "path": "/",
            "role": "dev_node",
            "tags": null,
            "tags_all": {},
            "unique_id": "AIPA5BQQBEND2TGCEJUUI"
          },
          "private": "bnVsbA==",
          "dependencies": [
            "module.eks_setup.aws_iam_role.eks-node"
          ]
        }
      ]
    },
    {
      "module": "module.eks_setup",
      "mode": "managed",
      "type": "aws_iam_role",
      "name": "eks",
      "provider": "provider.aws",
      "instances": [
        {
          "schema_version": 0,
          "attributes": {
            "arn": "arn:aws:iam::896608052039:role/dev",
            "assume_role_policy": "{\"Statement\":[{\"Action\":\"sts:AssumeRole\",\"Effect\":\"Allow\",\"Principal\":{\"Service\":\"eks.amazonaws.com\"}}],\"Version\":\"2012-10-17\"}",
            "create_date": "2023-11-15T14:44:30Z",
            "description": "",
            "force_detach_policies": false,
            "id": "dev",
            "inline_policy": [],
            "managed_policy_arns": [],
            "max_session_duration": 3600,
            "name": "dev",
            "name_prefix": "",
            "path": "/",
            "permissions_boundary": "",
            "tags": null,
            "tags_all": {},
            "unique_id": "AROA5BQQBEND7TR2HJCR2"
          },
          "private": "bnVsbA=="
        }
      ]
    },
    {
      "module": "module.eks_setup",
      "mode": "managed",
      "type": "aws_iam_role",
      "name": "eks-node",
      "provider": "provider.aws",
      "instances": [
        {
          "schema_version": 0,
          "attributes": {
            "arn": "arn:aws:iam::896608052039:role/dev_node",
            "assume_role_policy": "{\"Statement\":[{\"Action\":\"sts:AssumeRole\",\"Effect\":\"Allow\",\"Principal\":{\"Service\":\"ec2.amazonaws.com\"}}],\"Version\":\"2012-10-17\"}",
            "create_date": "2023-11-15T14:44:30Z",
            "description": "",
            "force_detach_policies": false,
            "id": "dev_node",
            "inline_policy": [],
            "managed_policy_arns": [],
            "max_session_duration": 3600,
            "name": "dev_node",
            "name_prefix": "",
            "path": "/",
            "permissions_boundary": "",
            "tags": null,
            "tags_all": {},
            "unique_id": "AROA5BQQBENDXTJYKGKAP"
          },
          "private": "bnVsbA=="
        }
      ]
    },
    {
      "module": "module.eks_setup",
      "mode": "managed",
      "type": "aws_iam_role_policy_attachment",
      "name": "eks-AmazonEKSClusterPolicy",
      "provider": "provider.aws",
      "instances": [
        {
          "schema_version": 0,
          "attributes": {
            "id": "dev-20231115144431273500000002",
            "policy_arn": "arn:aws:iam::aws:policy/AmazonEKSClusterPolicy",
            "role": "dev"
          },
          "private": "bnVsbA==",
          "dependencies": [
            "module.eks_setup.aws_iam_role.eks"
          ]
        }
      ]
    },
    {
      "module": "module.eks_setup",
      "mode": "managed",
      "type": "aws_iam_role_policy_attachment",
      "name": "eks-AmazonEKSServicePolicy",
      "provider": "provider.aws",
      "instances": [
        {
          "schema_version": 0,
          "attributes": {
            "id": "dev-20231115144431256500000001",
            "policy_arn": "arn:aws:iam::aws:policy/AmazonEKSServicePolicy",
            "role": "dev"
          },
          "private": "bnVsbA==",
          "dependencies": [
            "module.eks_setup.aws_iam_role.eks"
          ]
        }
      ]
    },
    {
      "module": "module.eks_setup",
      "mode": "managed",
      "type": "aws_iam_role_policy_attachment",
      "name": "eks-node-AmazonEC2ContainerRegistryReadOnly",
      "provider": "provider.aws",
      "instances": [
        {
          "schema_version": 0,
          "attributes": {
            "id": "dev_node-20231115144431345100000003",
            "policy_arn": "arn:aws:iam::aws:policy/AmazonEC2ContainerRegistryReadOnly",
            "role": "dev_node"
          },
          "private": "bnVsbA==",
          "dependencies": [
            "module.eks_setup.aws_iam_role.eks-node"
          ]
        }
      ]
    },
    {
      "module": "module.eks_setup",
      "mode": "managed",
      "type": "aws_iam_role_policy_attachment",
      "name": "eks-node-AmazonEKSWorkerNodePolicy",
      "provider": "provider.aws",
      "instances": [
        {
          "schema_version": 0,
          "attributes": {
            "id": "dev_node-20231115144431382200000004",
            "policy_arn": "arn:aws:iam::aws:policy/AmazonEKSWorkerNodePolicy",
            "role": "dev_node"
          },
          "private": "bnVsbA==",
          "dependencies": [
            "module.eks_setup.aws_iam_role.eks-node"
          ]
        }
      ]
    },
    {
      "module": "module.eks_setup",
      "mode": "managed",
      "type": "aws_iam_role_policy_attachment",
      "name": "eks-node-AmazonEKS_CNI_Policy",
      "provider": "provider.aws",
      "instances": [
        {
          "schema_version": 0,
          "attributes": {
            "id": "dev_node-20231115144431389300000005",
            "policy_arn": "arn:aws:iam::aws:policy/AmazonEKS_CNI_Policy",
            "role": "dev_node"
          },
          "private": "bnVsbA==",
          "dependencies": [
            "module.eks_setup.aws_iam_role.eks-node"
          ]
        }
      ]
    },
    {
      "module": "module.eks_setup",
      "mode": "managed",
      "type": "aws_launch_configuration",
      "name": "eks",
      "provider": "provider.aws",
      "instances": [
        {
          "schema_version": 0,
          "attributes": {
            "arn": "arn:aws:autoscaling:us-east-2:896608052039:launchConfiguration:d8e2c94b-030a-42c3-a74e-48c5cd4025ba:launchConfigurationName/eks-dev20231115145442702100000008",
            "associate_public_ip_address": true,
            "ebs_block_device": [],
            "ebs_optimized": false,
            "enable_monitoring": true,
            "ephemeral_block_device": [],
            "iam_instance_profile": "dev_node",
            "id": "eks-dev20231115145442702100000008",
            "image_id": "ami-0c0c816416d345ca1",
            "instance_type": "t2.medium",
            "key_name": "devkey",
            "metadata_options": [],
            "name": "eks-dev20231115145442702100000008",
            "name_prefix": "eks-dev",
            "placement_tenancy": "",
            "root_block_device": [],
            "security_groups": [
              "sg-0a7e0e491b3f48919"
            ],
            "spot_price": "",
            "user_data": null,
            "user_data_base64": "IyEvYmluL2Jhc2gKc2V0IC1vIHh0cmFjZQovZXRjL2Vrcy9ib290c3RyYXAuc2ggLS1hcGlzZXJ2ZXItZW5kcG9pbnQgJ2h0dHBzOi8vOEQwREE2RjVBOEY0OTE1Q0FBRjREQjIwRDVCQUM0RDIuZ3I3LnVzLWVhc3QtMi5la3MuYW1hem9uYXdzLmNvbScgLS1iNjQtY2x1c3Rlci1jYSAnTFMwdExTMUNSVWRKVGlCRFJWSlVTVVpKUTBGVVJTMHRMUzB0Q2sxSlNVTXZha05EUVdWaFowRjNTVUpCWjBsQ1FVUkJUa0puYTNGb2EybEhPWGN3UWtGUmMwWkJSRUZXVFZKTmQwVlJXVVJXVVZGRVJYZHdjbVJYU213S1kyMDFiR1JIVm5wTlFqUllSRlJKZWsxVVJYaE9WRVV3VGtSck1FNVdiMWhFVkUxNlRWUkZlRTFxUlRCT1JHc3dUbFp2ZDBaVVJWUk5Ra1ZIUVRGVlJRcEJlRTFMWVROV2FWcFlTblZhV0ZKc1kzcERRMEZUU1hkRVVWbEtTMjlhU1doMlkwNUJVVVZDUWxGQlJHZG5SVkJCUkVORFFWRnZRMmRuUlVKQlN6bE1DbEZxYzFKcGRHMXNRVnBPTDNad1UxUXpPRTFMUjNSelNtZDNOR2x3YVROSk16a3JiVWRzV0VkdE1YRmpWaXREWkdOTmVFbFRTRzUzZGpBcmQydENZakFLZW0xdE1IazVNMVYxUkRobVZFeEtTVEZMVDJsYVVXZENjMFUzZEVsQlUzSjZjR3h5WjFkbVp6VkVXVk12TTBoaU5qTXhaRFZuSzI1amVrZEZWaXRuYkFwamRrVk9RVXBhWjB0c1NVSjRXRlZYYkhBeWVXc3JiR0ZpUzA1Tk5YUlJSVXh3YVVkdlpHSXlaVTFuTlhoUU5YTnNXbXRXVEVkS1IyTnNTWGRvZVRSSUNsZFZRVGhsY3pkRWJEaG5kWFJOVERaUE1GcG9UMWRWWW5Gd09UZHBUWFF6YXpKTmVWRlFZVWRMV0dsTlRHa3ZSbmhvVVhNd1VXcG5VVzVJWkd0c1ZXWUtla2h2UkVabFNqbERhemwxVG1kQlkxTnhhMmMyU2tkNWVVaHhZVzVCVjJrd0wzbENPR2RHV0RRelltOU9kMlE0Wm5oeEsxUllXVEJaVDFOSmEwY3JiUXBNUldRMlFrOTVUMFZJT1dzd1p6UlVRMEp6UTBGM1JVRkJZVTVhVFVaamQwUm5XVVJXVWpCUVFWRklMMEpCVVVSQlowdHJUVUU0UjBFeFZXUkZkMFZDQ2k5M1VVWk5RVTFDUVdZNGQwaFJXVVJXVWpCUFFrSlpSVVpCSzA5YVRUbE5VekZoZUd4VllYUkNNWGxNT1hkRmNFOUtVMWxOUWxWSFFURlZaRVZSVVU4S1RVRjVRME50ZERGWmJWWjVZbTFXTUZwWVRYZEVVVmxLUzI5YVNXaDJZMDVCVVVWTVFsRkJSR2RuUlVKQlJtaHZkRkZSUlhwbFJqRkVkbnByU0hwa2VBcExXVlIzWm1wUGIzUm1XSEJIU1dSWkwzRlJTM2wyZUc5R09ISlNlRUpGZFd4UVZVZHlaMkV6VW5sVmJFMVVWMU0zU0VWblYzSkxWalZVVFdwUE1UUktDblJ4TlhKNWVWQlVUMmxMVGtwUmRVTlJUbk5wVEdScWVESjJSbWhNVUVkTE4zTkVja0V3YURkbmIzaHZiV0pZTWpKTFlrZGtObGx5WmxreGIwbFBWRVlLUm5GeVpWcG9OREV2VEVoaWVVWmhOMUpHZW1kS2RqTjZiMkZ3WWtGa1lreDVMME0yZURsNk0ycHlSalJ1U2xSaGEzRllkemhWVjFKT1NsVkxjaTlOV0FwQ1VVUkJObGM0U1hoNlFtMUVha1F6YzJkS2RqaDFZMDFNV2xKVlRGWnRWVFZDV0VwV2ExUkthVE56VnpKVlUwd3JiakZHWlM5blFtTnFkMFptTVZWcUNscEtUV3N2TlhFMVVqUjZhR2h3Y2sxb1kyNHpjbTVEWWtkbFlWWXJjRXhUYURoaU1GaHVWbXRSZFhOblNVWkhVSFIwZG1ZemJWcEpjV1ZNTnpsRE1Xc0tNVzVKUFFvdExTMHRMVVZPUkNCRFJWSlVTVVpKUTBGVVJTMHRMUzB0Q2c9PScgJ2RldicK"
          },
          "private": "bnVsbA==",
          "dependencies": [
            "module.eks_setup.aws_eks_cluster.eks",
            "module.eks_setup.aws_iam_instance_profile.eks_node",
            "module.eks_setup.aws_iam_role.eks",
            "module.eks_setup.aws_iam_role.eks-node",
            "module.eks_setup.aws_iam_role_policy_attachment.eks-AmazonEKSClusterPolicy",
            "module.eks_setup.aws_iam_role_policy_attachment.eks-AmazonEKSServicePolicy",
            "module.eks_setup.aws_security_group.eks_node_to_cluster",
            "module.eks_setup.aws_security_group.eks_node_to_node",
            "module.eks_setup.aws_subnet.eks_subnet-private",
            "module.eks_setup.aws_subnet.eks_subnet-public"
          ]
        }
      ]
    },
    {
      "module": "module.eks_setup",
      "mode": "managed",
      "type": "aws_nat_gateway",
      "name": "natgw",
      "each": "list",
      "provider": "provider.aws",
      "instances": [
        {
          "index_key": 0,
          "schema_version": 0,
          "attributes": {
            "allocation_id": "eipalloc-09e7e007fe54bf6ad",
            "association_id": "eipassoc-047e8c79d5cfbc29c",
            "connectivity_type": "public",
            "id": "nat-0f9e636ee4df85a17",
            "network_interface_id": "eni-07f46437efefe8358",
            "private_ip": "10.55.42.140",
            "public_ip": "3.19.2.218",
            "secondary_allocation_ids": null,
            "secondary_private_ip_address_count": 0,
            "secondary_private_ip_addresses": [],
            "subnet_id": "subnet-0fb069c0dd4b7328f",
            "tags": {
              "Name": "Nat_Gw_a"
            },
            "tags_all": {
              "Name": "Nat_Gw_a"
            },
            "timeouts": null
          },
          "private": "eyJlMmJmYjczMC1lY2FhLTExZTYtOGY4OC0zNDM2M2JjN2M0YzAiOnsiY3JlYXRlIjo2MDAwMDAwMDAwMDAsImRlbGV0ZSI6MTgwMDAwMDAwMDAwMCwidXBkYXRlIjo2MDAwMDAwMDAwMDB9fQ==",
          "dependencies": [
            "module.eks_setup.aws_eip.nat_eip",
            "module.eks_setup.aws_subnet.eks_subnet-public"
          ]
        },
        {
          "index_key": 1,
          "schema_version": 0,
          "attributes": {
            "allocation_id": "eipalloc-09681ce21e17d6eb9",
            "association_id": "eipassoc-0859b4a20aadaf8aa",
            "connectivity_type": "public",
            "id": "nat-086aa2868c57fa0d7",
            "network_interface_id": "eni-0007052a94ed1ea5e",
            "private_ip": "10.55.49.58",
            "public_ip": "3.22.191.30",
            "secondary_allocation_ids": null,
            "secondary_private_ip_address_count": 0,
            "secondary_private_ip_addresses": [],
            "subnet_id": "subnet-04b3ab5b6b56f1f28",
            "tags": {
              "Name": "Nat_Gw_b"
            },
            "tags_all": {
              "Name": "Nat_Gw_b"
            },
            "timeouts": null
          },
          "private": "eyJlMmJmYjczMC1lY2FhLTExZTYtOGY4OC0zNDM2M2JjN2M0YzAiOnsiY3JlYXRlIjo2MDAwMDAwMDAwMDAsImRlbGV0ZSI6MTgwMDAwMDAwMDAwMCwidXBkYXRlIjo2MDAwMDAwMDAwMDB9fQ==",
          "dependencies": [
            "module.eks_setup.aws_eip.nat_eip",
            "module.eks_setup.aws_subnet.eks_subnet-public"
          ]
        }
      ]
    },
    {
      "module": "module.eks_setup",
      "mode": "managed",
      "type": "aws_route",
      "name": "nat_internet",
      "each": "list",
      "provider": "provider.aws",
      "instances": [
        {
          "index_key": 0,
          "schema_version": 0,
          "attributes": {
            "carrier_gateway_id": "",
            "core_network_arn": "",
            "destination_cidr_block": "0.0.0.0/0",
            "destination_ipv6_cidr_block": "",
            "destination_prefix_list_id": "",
            "egress_only_gateway_id": "",
            "gateway_id": "",
            "id": "r-rtb-0cc4e9e944b9857111080289494",
            "instance_id": "",
            "instance_owner_id": "",
            "local_gateway_id": "",
            "nat_gateway_id": "nat-0f9e636ee4df85a17",
            "network_interface_id": "",
            "origin": "CreateRoute",
            "route_table_id": "rtb-0cc4e9e944b985711",
            "state": "active",
            "timeouts": null,
            "transit_gateway_id": "",
            "vpc_endpoint_id": "",
            "vpc_peering_connection_id": ""
          },
          "private": "eyJlMmJmYjczMC1lY2FhLTExZTYtOGY4OC0zNDM2M2JjN2M0YzAiOnsiY3JlYXRlIjozMDAwMDAwMDAwMDAsImRlbGV0ZSI6MzAwMDAwMDAwMDAwLCJ1cGRhdGUiOjEyMDAwMDAwMDAwMH19",
          "dependencies": [
            "module.eks_setup.aws_eip.nat_eip",
            "module.eks_setup.aws_nat_gateway.natgw",
            "module.eks_setup.aws_route_table.eks_route_table-private",
            "module.eks_setup.aws_subnet.eks_subnet-public"
          ]
        },
        {
          "index_key": 1,
          "schema_version": 0,
          "attributes": {
            "carrier_gateway_id": "",
            "core_network_arn": "",
            "destination_cidr_block": "0.0.0.0/0",
            "destination_ipv6_cidr_block": "",
            "destination_prefix_list_id": "",
            "egress_only_gateway_id": "",
            "gateway_id": "",
            "id": "r-rtb-0a49c39d219409c5c1080289494",
            "instance_id": "",
            "instance_owner_id": "",
            "local_gateway_id": "",
            "nat_gateway_id": "nat-086aa2868c57fa0d7",
            "network_interface_id": "",
            "origin": "CreateRoute",
            "route_table_id": "rtb-0a49c39d219409c5c",
            "state": "active",
            "timeouts": null,
            "transit_gateway_id": "",
            "vpc_endpoint_id": "",
            "vpc_peering_connection_id": ""
          },
          "private": "eyJlMmJmYjczMC1lY2FhLTExZTYtOGY4OC0zNDM2M2JjN2M0YzAiOnsiY3JlYXRlIjozMDAwMDAwMDAwMDAsImRlbGV0ZSI6MzAwMDAwMDAwMDAwLCJ1cGRhdGUiOjEyMDAwMDAwMDAwMH19",
          "dependencies": [
            "module.eks_setup.aws_eip.nat_eip",
            "module.eks_setup.aws_nat_gateway.natgw",
            "module.eks_setup.aws_route_table.eks_route_table-private",
            "module.eks_setup.aws_subnet.eks_subnet-public"
          ]
        }
      ]
    },
    {
      "module": "module.eks_setup",
      "mode": "managed",
      "type": "aws_route",
      "name": "pub_subnet",
      "each": "list",
      "provider": "provider.aws",
      "instances": [
        {
          "index_key": 0,
          "schema_version": 0,
          "attributes": {
            "carrier_gateway_id": "",
            "core_network_arn": "",
            "destination_cidr_block": "0.0.0.0/0",
            "destination_ipv6_cidr_block": "",
            "destination_prefix_list_id": "",
            "egress_only_gateway_id": "",
            "gateway_id": "igw-06d6683eadff16593",
            "id": "r-rtb-0880ccdbca72484131080289494",
            "instance_id": "",
            "instance_owner_id": "",
            "local_gateway_id": "",
            "nat_gateway_id": "",
            "network_interface_id": "",
            "origin": "CreateRoute",
            "route_table_id": "rtb-0880ccdbca7248413",
            "state": "active",
            "timeouts": null,
            "transit_gateway_id": "",
            "vpc_endpoint_id": "",
            "vpc_peering_connection_id": ""
          },
          "private": "eyJlMmJmYjczMC1lY2FhLTExZTYtOGY4OC0zNDM2M2JjN2M0YzAiOnsiY3JlYXRlIjozMDAwMDAwMDAwMDAsImRlbGV0ZSI6MzAwMDAwMDAwMDAwLCJ1cGRhdGUiOjEyMDAwMDAwMDAwMH19",
          "dependencies": [
            "module.eks_setup.aws_route_table.eks_route_table-public"
          ]
        },
        {
          "index_key": 1,
          "schema_version": 0,
          "attributes": {
            "carrier_gateway_id": "",
            "core_network_arn": "",
            "destination_cidr_block": "0.0.0.0/0",
            "destination_ipv6_cidr_block": "",
            "destination_prefix_list_id": "",
            "egress_only_gateway_id": "",
            "gateway_id": "igw-06d6683eadff16593",
            "id": "r-rtb-0b39a3c60a2e7416a1080289494",
            "instance_id": "",
            "instance_owner_id": "",
            "local_gateway_id": "",
            "nat_gateway_id": "",
            "network_interface_id": "",
            "origin": "CreateRoute",
            "route_table_id": "rtb-0b39a3c60a2e7416a",
            "state": "active",
            "timeouts": null,
            "transit_gateway_id": "",
            "vpc_endpoint_id": "",
            "vpc_peering_connection_id": ""
          },
          "private": "eyJlMmJmYjczMC1lY2FhLTExZTYtOGY4OC0zNDM2M2JjN2M0YzAiOnsiY3JlYXRlIjozMDAwMDAwMDAwMDAsImRlbGV0ZSI6MzAwMDAwMDAwMDAwLCJ1cGRhdGUiOjEyMDAwMDAwMDAwMH19",
          "dependencies": [
            "module.eks_setup.aws_route_table.eks_route_table-public"
          ]
        }
      ]
    },
    {
      "module": "module.eks_setup",
      "mode": "managed",
      "type": "aws_route_table",
      "name": "eks_route_table-private",
      "each": "list",
      "provider": "provider.aws",
      "instances": [
        {
          "index_key": 0,
          "schema_version": 0,
          "attributes": {
            "arn": "arn:aws:ec2:us-east-2:896608052039:route-table/rtb-0cc4e9e944b985711",
            "id": "rtb-0cc4e9e944b985711",
            "owner_id": "896608052039",
            "propagating_vgws": [],
            "route": [],
            "tags": {
              "Name": "eks_private_rt_a"
            },
            "tags_all": {
              "Name": "eks_private_rt_a"
            },
            "timeouts": null,
            "vpc_id": "vpc-062b88549320b2ad4"
          },
          "private": "eyJlMmJmYjczMC1lY2FhLTExZTYtOGY4OC0zNDM2M2JjN2M0YzAiOnsiY3JlYXRlIjozMDAwMDAwMDAwMDAsImRlbGV0ZSI6MzAwMDAwMDAwMDAwLCJ1cGRhdGUiOjEyMDAwMDAwMDAwMH19"
        },
        {
          "index_key": 1,
          "schema_version": 0,
          "attributes": {
            "arn": "arn:aws:ec2:us-east-2:896608052039:route-table/rtb-0a49c39d219409c5c",
            "id": "rtb-0a49c39d219409c5c",
            "owner_id": "896608052039",
            "propagating_vgws": [],
            "route": [],
            "tags": {
              "Name": "eks_private_rt_b"
            },
            "tags_all": {
              "Name": "eks_private_rt_b"
            },
            "timeouts": null,
            "vpc_id": "vpc-062b88549320b2ad4"
          },
          "private": "eyJlMmJmYjczMC1lY2FhLTExZTYtOGY4OC0zNDM2M2JjN2M0YzAiOnsiY3JlYXRlIjozMDAwMDAwMDAwMDAsImRlbGV0ZSI6MzAwMDAwMDAwMDAwLCJ1cGRhdGUiOjEyMDAwMDAwMDAwMH19"
        }
      ]
    },
    {
      "module": "module.eks_setup",
      "mode": "managed",
      "type": "aws_route_table",
      "name": "eks_route_table-public",
      "each": "list",
      "provider": "provider.aws",
      "instances": [
        {
          "index_key": 0,
          "schema_version": 0,
          "attributes": {
            "arn": "arn:aws:ec2:us-east-2:896608052039:route-table/rtb-0880ccdbca7248413",
            "id": "rtb-0880ccdbca7248413",
            "owner_id": "896608052039",
            "propagating_vgws": [],
            "route": [],
            "tags": {
              "Name": "eks_public_rt_a"
            },
            "tags_all": {
              "Name": "eks_public_rt_a"
            },
            "timeouts": null,
            "vpc_id": "vpc-062b88549320b2ad4"
          },
          "private": "eyJlMmJmYjczMC1lY2FhLTExZTYtOGY4OC0zNDM2M2JjN2M0YzAiOnsiY3JlYXRlIjozMDAwMDAwMDAwMDAsImRlbGV0ZSI6MzAwMDAwMDAwMDAwLCJ1cGRhdGUiOjEyMDAwMDAwMDAwMH19"
        },
        {
          "index_key": 1,
          "schema_version": 0,
          "attributes": {
            "arn": "arn:aws:ec2:us-east-2:896608052039:route-table/rtb-0b39a3c60a2e7416a",
            "id": "rtb-0b39a3c60a2e7416a",
            "owner_id": "896608052039",
            "propagating_vgws": [],
            "route": [],
            "tags": {
              "Name": "eks_public_rt_b"
            },
            "tags_all": {
              "Name": "eks_public_rt_b"
            },
            "timeouts": null,
            "vpc_id": "vpc-062b88549320b2ad4"
          },
          "private": "eyJlMmJmYjczMC1lY2FhLTExZTYtOGY4OC0zNDM2M2JjN2M0YzAiOnsiY3JlYXRlIjozMDAwMDAwMDAwMDAsImRlbGV0ZSI6MzAwMDAwMDAwMDAwLCJ1cGRhdGUiOjEyMDAwMDAwMDAwMH19"
        }
      ]
    },
    {
      "module": "module.eks_setup",
      "mode": "managed",
      "type": "aws_route_table_association",
      "name": "private_rtas",
      "each": "list",
      "provider": "provider.aws",
      "instances": [
        {
          "index_key": 0,
          "schema_version": 0,
          "attributes": {
            "gateway_id": "",
            "id": "rtbassoc-05a053908c924b652",
            "route_table_id": "rtb-0cc4e9e944b985711",
            "subnet_id": "subnet-0e2452f2376bc214d",
            "timeouts": null
          },
          "private": "eyJlMmJmYjczMC1lY2FhLTExZTYtOGY4OC0zNDM2M2JjN2M0YzAiOnsiY3JlYXRlIjozMDAwMDAwMDAwMDAsImRlbGV0ZSI6MzAwMDAwMDAwMDAwLCJ1cGRhdGUiOjEyMDAwMDAwMDAwMH19",
          "dependencies": [
            "module.eks_setup.aws_route_table.eks_route_table-private",
            "module.eks_setup.aws_subnet.eks_subnet-private"
          ]
        },
        {
          "index_key": 1,
          "schema_version": 0,
          "attributes": {
            "gateway_id": "",
            "id": "rtbassoc-07cdd6653e198f548",
            "route_table_id": "rtb-0a49c39d219409c5c",
            "subnet_id": "subnet-0439a84c49df5ccbd",
            "timeouts": null
          },
          "private": "eyJlMmJmYjczMC1lY2FhLTExZTYtOGY4OC0zNDM2M2JjN2M0YzAiOnsiY3JlYXRlIjozMDAwMDAwMDAwMDAsImRlbGV0ZSI6MzAwMDAwMDAwMDAwLCJ1cGRhdGUiOjEyMDAwMDAwMDAwMH19",
          "dependencies": [
            "module.eks_setup.aws_route_table.eks_route_table-private",
            "module.eks_setup.aws_subnet.eks_subnet-private"
          ]
        }
      ]
    },
    {
      "module": "module.eks_setup",
      "mode": "managed",
      "type": "aws_route_table_association",
      "name": "public_rtas",
      "each": "list",
      "provider": "provider.aws",
      "instances": [
        {
          "index_key": 0,
          "schema_version": 0,
          "attributes": {
            "gateway_id": "",
            "id": "rtbassoc-09b3029d252143f84",
            "route_table_id": "rtb-0880ccdbca7248413",
            "subnet_id": "subnet-0fb069c0dd4b7328f",
            "timeouts": null
          },
          "private": "eyJlMmJmYjczMC1lY2FhLTExZTYtOGY4OC0zNDM2M2JjN2M0YzAiOnsiY3JlYXRlIjozMDAwMDAwMDAwMDAsImRlbGV0ZSI6MzAwMDAwMDAwMDAwLCJ1cGRhdGUiOjEyMDAwMDAwMDAwMH19",
          "dependencies": [
            "module.eks_setup.aws_route_table.eks_route_table-public",
            "module.eks_setup.aws_subnet.eks_subnet-public"
          ]
        },
        {
          "index_key": 1,
          "schema_version": 0,
          "attributes": {
            "gateway_id": "",
            "id": "rtbassoc-0dc991b55335656e0",
            "route_table_id": "rtb-0b39a3c60a2e7416a",
            "subnet_id": "subnet-04b3ab5b6b56f1f28",
            "timeouts": null
          },
          "private": "eyJlMmJmYjczMC1lY2FhLTExZTYtOGY4OC0zNDM2M2JjN2M0YzAiOnsiY3JlYXRlIjozMDAwMDAwMDAwMDAsImRlbGV0ZSI6MzAwMDAwMDAwMDAwLCJ1cGRhdGUiOjEyMDAwMDAwMDAwMH19",
          "dependencies": [
            "module.eks_setup.aws_route_table.eks_route_table-public",
            "module.eks_setup.aws_subnet.eks_subnet-public"
          ]
        }
      ]
    },
    {
      "module": "module.eks_setup",
      "mode": "managed",
      "type": "aws_security_group",
      "name": "eks_node_to_cluster",
      "provider": "provider.aws",
      "instances": [
        {
          "schema_version": 1,
          "attributes": {
            "arn": "arn:aws:ec2:us-east-2:896608052039:security-group/sg-0e8a3e3d2eecde7a0",
            "description": "Cluster communication with worker nodes",
            "egress": [],
            "id": "sg-0e8a3e3d2eecde7a0",
            "ingress": [],
            "name": "dev_node_to_cluster",
            "name_prefix": "",
            "owner_id": "896608052039",
            "revoke_rules_on_delete": false,
            "tags": {
              "Name": "dev_node_to_cluster",
              "kubernetes.io/cluster/dev": "owned"
            },
            "tags_all": {
              "Name": "dev_node_to_cluster",
              "kubernetes.io/cluster/dev": "owned"
            },
            "timeouts": null,
            "vpc_id": "vpc-062b88549320b2ad4"
          },
          "private": "eyJlMmJmYjczMC1lY2FhLTExZTYtOGY4OC0zNDM2M2JjN2M0YzAiOnsiY3JlYXRlIjo2MDAwMDAwMDAwMDAsImRlbGV0ZSI6OTAwMDAwMDAwMDAwfSwic2NoZW1hX3ZlcnNpb24iOiIxIn0="
        }
      ]
    },
    {
      "module": "module.eks_setup",
      "mode": "managed",
      "type": "aws_security_group",
      "name": "eks_node_to_node",
      "provider": "provider.aws",
      "instances": [
        {
          "schema_version": 1,
          "attributes": {
            "arn": "arn:aws:ec2:us-east-2:896608052039:security-group/sg-0a7e0e491b3f48919",
            "description": "Security group for all nodes in the cluster",
            "egress": [],
            "id": "sg-0a7e0e491b3f48919",
            "ingress": [],
            "name": "dev_node_to_node",
            "name_prefix": "",
            "owner_id": "896608052039",
            "revoke_rules_on_delete": false,
            "tags": {
              "Name": "dev_node_to_node",
              "kubernetes.io/cluster/dev": "owned"
            },
            "tags_all": {
              "Name": "dev_node_to_node",
              "kubernetes.io/cluster/dev": "owned"
            },
            "timeouts": null,
            "vpc_id": "vpc-062b88549320b2ad4"
          },
          "private": "eyJlMmJmYjczMC1lY2FhLTExZTYtOGY4OC0zNDM2M2JjN2M0YzAiOnsiY3JlYXRlIjo2MDAwMDAwMDAwMDAsImRlbGV0ZSI6OTAwMDAwMDAwMDAwfSwic2NoZW1hX3ZlcnNpb24iOiIxIn0="
        }
      ]
    },
    {
      "module": "module.eks_setup",
      "mode": "managed",
      "type": "aws_security_group_rule",
      "name": "eks_node_ingress_cluster",
      "provider": "provider.aws",
      "instances": [
        {
          "schema_version": 2,
          "attributes": {
            "cidr_blocks": null,
            "description": "Allow worker Kubelets and pods to receive communication from the cluster control plane",
            "from_port": 1025,
            "id": "sgrule-2611918206",
            "ipv6_cidr_blocks": null,
            "prefix_list_ids": null,
            "protocol": "tcp",
            "security_group_id": "sg-0a7e0e491b3f48919",
            "security_group_rule_id": "sgr-05dd1314f3ef6ac10",
            "self": false,
            "source_security_group_id": "sg-0e8a3e3d2eecde7a0",
            "timeouts": null,
            "to_port": 65535,
            "type": "ingress"
          },
          "private": "eyJlMmJmYjczMC1lY2FhLTExZTYtOGY4OC0zNDM2M2JjN2M0YzAiOnsiY3JlYXRlIjozMDAwMDAwMDAwMDB9LCJzY2hlbWFfdmVyc2lvbiI6IjIifQ==",
          "dependencies": [
            "module.eks_setup.aws_security_group.eks_node_to_cluster",
            "module.eks_setup.aws_security_group.eks_node_to_node"
          ]
        }
      ]
    },
    {
      "module": "module.eks_setup",
      "mode": "managed",
      "type": "aws_security_group_rule",
      "name": "eks_node_ingress_node_https",
      "provider": "provider.aws",
      "instances": [
        {
          "schema_version": 2,
          "attributes": {
            "cidr_blocks": null,
            "description": "Allow pods to communicate with the cluster API Server",
            "from_port": 443,
            "id": "sgrule-3156894331",
            "ipv6_cidr_blocks": null,
            "prefix_list_ids": null,
            "protocol": "tcp",
            "security_group_id": "sg-0e8a3e3d2eecde7a0",
            "security_group_rule_id": "sgr-08b78088d86494e28",
            "self": false,
            "source_security_group_id": "sg-0a7e0e491b3f48919",
            "timeouts": null,
            "to_port": 443,
            "type": "ingress"
          },
          "private": "eyJlMmJmYjczMC1lY2FhLTExZTYtOGY4OC0zNDM2M2JjN2M0YzAiOnsiY3JlYXRlIjozMDAwMDAwMDAwMDB9LCJzY2hlbWFfdmVyc2lvbiI6IjIifQ==",
          "dependencies": [
            "module.eks_setup.aws_security_group.eks_node_to_cluster",
            "module.eks_setup.aws_security_group.eks_node_to_node"
          ]
        }
      ]
    },
    {
      "module": "module.eks_setup",
      "mode": "managed",
      "type": "aws_security_group_rule",
      "name": "eks_node_ingress_node_https1",
      "provider": "provider.aws",
      "instances": [
        {
          "schema_version": 2,
          "attributes": {
            "cidr_blocks": null,
            "description": "Allow worker Kubelets and pods to receive communication from the cluster control plane",
            "from_port": 443,
            "id": "sgrule-2356326466",
            "ipv6_cidr_blocks": null,
            "prefix_list_ids": null,
            "protocol": "tcp",
            "security_group_id": "sg-0a7e0e491b3f48919",
            "security_group_rule_id": "sgr-02d4475bb28172a99",
            "self": false,
            "source_security_group_id": "sg-0e8a3e3d2eecde7a0",
            "timeouts": null,
            "to_port": 443,
            "type": "ingress"
          },
          "private": "eyJlMmJmYjczMC1lY2FhLTExZTYtOGY4OC0zNDM2M2JjN2M0YzAiOnsiY3JlYXRlIjozMDAwMDAwMDAwMDB9LCJzY2hlbWFfdmVyc2lvbiI6IjIifQ==",
          "dependencies": [
            "module.eks_setup.aws_security_group.eks_node_to_cluster",
            "module.eks_setup.aws_security_group.eks_node_to_node"
          ]
        }
      ]
    },
    {
      "module": "module.eks_setup",
      "mode": "managed",
      "type": "aws_security_group_rule",
      "name": "eks_node_ingress_self",
      "provider": "provider.aws",
      "instances": [
        {
          "schema_version": 2,
          "attributes": {
            "cidr_blocks": null,
            "description": "Allow node to communicate with each other",
            "from_port": 0,
            "id": "sgrule-3285158278",
            "ipv6_cidr_blocks": null,
            "prefix_list_ids": null,
            "protocol": "-1",
            "security_group_id": "sg-0a7e0e491b3f48919",
            "security_group_rule_id": "sgr-07bb0023c26ffc126",
            "self": false,
            "source_security_group_id": "sg-0a7e0e491b3f48919",
            "timeouts": null,
            "to_port": 65535,
            "type": "ingress"
          },
          "private": "eyJlMmJmYjczMC1lY2FhLTExZTYtOGY4OC0zNDM2M2JjN2M0YzAiOnsiY3JlYXRlIjozMDAwMDAwMDAwMDB9LCJzY2hlbWFfdmVyc2lvbiI6IjIifQ==",
          "dependencies": [
            "module.eks_setup.aws_security_group.eks_node_to_node"
          ]
        }
      ]
    },
    {
      "module": "module.eks_setup",
      "mode": "managed",
      "type": "aws_security_group_rule",
      "name": "eks_node_to_cluster_egress",
      "provider": "provider.aws",
      "instances": [
        {
          "schema_version": 2,
          "attributes": {
            "cidr_blocks": [
              "0.0.0.0/0"
            ],
            "description": null,
            "from_port": 0,
            "id": "sgrule-3921331631",
            "ipv6_cidr_blocks": null,
            "prefix_list_ids": null,
            "protocol": "-1",
            "security_group_id": "sg-0e8a3e3d2eecde7a0",
            "security_group_rule_id": "sgr-05e749a97a27080bc",
            "self": false,
            "source_security_group_id": null,
            "timeouts": null,
            "to_port": 0,
            "type": "egress"
          },
          "private": "eyJlMmJmYjczMC1lY2FhLTExZTYtOGY4OC0zNDM2M2JjN2M0YzAiOnsiY3JlYXRlIjozMDAwMDAwMDAwMDB9LCJzY2hlbWFfdmVyc2lvbiI6IjIifQ==",
          "dependencies": [
            "module.eks_setup.aws_security_group.eks_node_to_cluster"
          ]
        }
      ]
    },
    {
      "module": "module.eks_setup",
      "mode": "managed",
      "type": "aws_security_group_rule",
      "name": "eks_node_to_node_egress",
      "provider": "provider.aws",
      "instances": [
        {
          "schema_version": 2,
          "attributes": {
            "cidr_blocks": [
              "0.0.0.0/0"
            ],
            "description": null,
            "from_port": 0,
            "id": "sgrule-2829825366",
            "ipv6_cidr_blocks": null,
            "prefix_list_ids": null,
            "protocol": "-1",
            "security_group_id": "sg-0a7e0e491b3f48919",
            "security_group_rule_id": "sgr-0cbff588f6fe1f6be",
            "self": false,
            "source_security_group_id": null,
            "timeouts": null,
            "to_port": 0,
            "type": "egress"
          },
          "private": "eyJlMmJmYjczMC1lY2FhLTExZTYtOGY4OC0zNDM2M2JjN2M0YzAiOnsiY3JlYXRlIjozMDAwMDAwMDAwMDB9LCJzY2hlbWFfdmVyc2lvbiI6IjIifQ==",
          "dependencies": [
            "module.eks_setup.aws_security_group.eks_node_to_node"
          ]
        }
      ]
    },
    {
      "module": "module.eks_setup",
      "mode": "managed",
      "type": "aws_subnet",
      "name": "eks_subnet-private",
      "each": "list",
      "provider": "provider.aws",
      "instances": [
        {
          "index_key": 0,
          "schema_version": 1,
          "attributes": {
            "arn": "arn:aws:ec2:us-east-2:896608052039:subnet/subnet-0e2452f2376bc214d",
            "assign_ipv6_address_on_creation": false,
            "availability_zone": "us-east-2a",
            "availability_zone_id": "use2-az1",
            "cidr_block": "10.55.24.0/22",
            "customer_owned_ipv4_pool": "",
            "enable_dns64": false,
            "enable_lni_at_device_index": 0,
            "enable_resource_name_dns_a_record_on_launch": false,
            "enable_resource_name_dns_aaaa_record_on_launch": false,
            "id": "subnet-0e2452f2376bc214d",
            "ipv6_cidr_block": "",
            "ipv6_cidr_block_association_id": "",
            "ipv6_native": false,
            "map_customer_owned_ip_on_launch": false,
            "map_public_ip_on_launch": false,
            "outpost_arn": "",
            "owner_id": "896608052039",
            "private_dns_hostname_type_on_launch": "ip-name",
            "tags": {
              "Name": "dev_private_a",
              "kubernetes.io/cluster/dev": "owned",
              "kubernetes.io/role/internal-elb": "1"
            },
            "tags_all": {
              "Name": "dev_private_a",
              "kubernetes.io/cluster/dev": "owned",
              "kubernetes.io/role/internal-elb": "1"
            },
            "timeouts": null,
            "vpc_id": "vpc-062b88549320b2ad4"
          },
          "private": "eyJlMmJmYjczMC1lY2FhLTExZTYtOGY4OC0zNDM2M2JjN2M0YzAiOnsiY3JlYXRlIjo2MDAwMDAwMDAwMDAsImRlbGV0ZSI6MTIwMDAwMDAwMDAwMH0sInNjaGVtYV92ZXJzaW9uIjoiMSJ9"
        },
        {
          "index_key": 1,
          "schema_version": 1,
          "attributes": {
            "arn": "arn:aws:ec2:us-east-2:896608052039:subnet/subnet-0439a84c49df5ccbd",
            "assign_ipv6_address_on_creation": false,
            "availability_zone": "us-east-2b",
            "availability_zone_id": "use2-az2",
            "cidr_block": "10.55.28.0/22",
            "customer_owned_ipv4_pool": "",
            "enable_dns64": false,
            "enable_lni_at_device_index": 0,
            "enable_resource_name_dns_a_record_on_launch": false,
            "enable_resource_name_dns_aaaa_record_on_launch": false,
            "id": "subnet-0439a84c49df5ccbd",
            "ipv6_cidr_block": "",
            "ipv6_cidr_block_association_id": "",
            "ipv6_native": false,
            "map_customer_owned_ip_on_launch": false,
            "map_public_ip_on_launch": false,
            "outpost_arn": "",
            "owner_id": "896608052039",
            "private_dns_hostname_type_on_launch": "ip-name",
            "tags": {
              "Name": "dev_private_b",
              "kubernetes.io/cluster/dev": "owned",
              "kubernetes.io/role/internal-elb": "1"
            },
            "tags_all": {
              "Name": "dev_private_b",
              "kubernetes.io/cluster/dev": "owned",
              "kubernetes.io/role/internal-elb": "1"
            },
            "timeouts": null,
            "vpc_id": "vpc-062b88549320b2ad4"
          },
          "private": "eyJlMmJmYjczMC1lY2FhLTExZTYtOGY4OC0zNDM2M2JjN2M0YzAiOnsiY3JlYXRlIjo2MDAwMDAwMDAwMDAsImRlbGV0ZSI6MTIwMDAwMDAwMDAwMH0sInNjaGVtYV92ZXJzaW9uIjoiMSJ9"
        }
      ]
    },
    {
      "module": "module.eks_setup",
      "mode": "managed",
      "type": "aws_subnet",
      "name": "eks_subnet-public",
      "each": "list",
      "provider": "provider.aws",
      "instances": [
        {
          "index_key": 0,
          "schema_version": 1,
          "attributes": {
            "arn": "arn:aws:ec2:us-east-2:896608052039:subnet/subnet-0fb069c0dd4b7328f",
            "assign_ipv6_address_on_creation": false,
            "availability_zone": "us-east-2a",
            "availability_zone_id": "use2-az1",
            "cidr_block": "10.55.40.0/22",
            "customer_owned_ipv4_pool": "",
            "enable_dns64": false,
            "enable_lni_at_device_index": 0,
            "enable_resource_name_dns_a_record_on_launch": false,
            "enable_resource_name_dns_aaaa_record_on_launch": false,
            "id": "subnet-0fb069c0dd4b7328f",
            "ipv6_cidr_block": "",
            "ipv6_cidr_block_association_id": "",
            "ipv6_native": false,
            "map_customer_owned_ip_on_launch": false,
            "map_public_ip_on_launch": true,
            "outpost_arn": "",
            "owner_id": "896608052039",
            "private_dns_hostname_type_on_launch": "ip-name",
            "tags": {
              "Name": "dev_public_a",
              "kubernetes.io/cluster/dev": "owned",
              "kubernetes.io/role/elb": "1"
            },
            "tags_all": {
              "Name": "dev_public_a",
              "kubernetes.io/cluster/dev": "owned",
              "kubernetes.io/role/elb": "1"
            },
            "timeouts": null,
            "vpc_id": "vpc-062b88549320b2ad4"
          },
          "private": "eyJlMmJmYjczMC1lY2FhLTExZTYtOGY4OC0zNDM2M2JjN2M0YzAiOnsiY3JlYXRlIjo2MDAwMDAwMDAwMDAsImRlbGV0ZSI6MTIwMDAwMDAwMDAwMH0sInNjaGVtYV92ZXJzaW9uIjoiMSJ9"
        },
        {
          "index_key": 1,
          "schema_version": 1,
          "attributes": {
            "arn": "arn:aws:ec2:us-east-2:896608052039:subnet/subnet-04b3ab5b6b56f1f28",
            "assign_ipv6_address_on_creation": false,
            "availability_zone": "us-east-2b",
            "availability_zone_id": "use2-az2",
            "cidr_block": "10.55.48.0/22",
            "customer_owned_ipv4_pool": "",
            "enable_dns64": false,
            "enable_lni_at_device_index": 0,
            "enable_resource_name_dns_a_record_on_launch": false,
            "enable_resource_name_dns_aaaa_record_on_launch": false,
            "id": "subnet-04b3ab5b6b56f1f28",
            "ipv6_cidr_block": "",
            "ipv6_cidr_block_association_id": "",
            "ipv6_native": false,
            "map_customer_owned_ip_on_launch": false,
            "map_public_ip_on_launch": true,
            "outpost_arn": "",
            "owner_id": "896608052039",
            "private_dns_hostname_type_on_launch": "ip-name",
            "tags": {
              "Name": "dev_public_b",
              "kubernetes.io/cluster/dev": "owned",
              "kubernetes.io/role/elb": "1"
            },
            "tags_all": {
              "Name": "dev_public_b",
              "kubernetes.io/cluster/dev": "owned",
              "kubernetes.io/role/elb": "1"
            },
            "timeouts": null,
            "vpc_id": "vpc-062b88549320b2ad4"
          },
          "private": "eyJlMmJmYjczMC1lY2FhLTExZTYtOGY4OC0zNDM2M2JjN2M0YzAiOnsiY3JlYXRlIjo2MDAwMDAwMDAwMDAsImRlbGV0ZSI6MTIwMDAwMDAwMDAwMH0sInNjaGVtYV92ZXJzaW9uIjoiMSJ9"
        }
      ]
    }
  ]
}
