{
  "version": 4,
  "terraform_version": "0.12.31",
  "serial": 4,
  "lineage": "3bd02e6b-487a-5382-35d4-41d72923d567",
  "outputs": {},
  "resources": [
    {
      "module": "module.vpc",
      "mode": "managed",
      "type": "aws_internet_gateway",
      "name": "ig",
      "provider": "module.vpc.provider.aws",
      "instances": [
        {
          "schema_version": 0,
          "attributes": {
            "arn": "arn:aws:ec2:us-east-2:896608052039:internet-gateway/igw-06d6683eadff16593",
            "id": "igw-06d6683eadff16593",
            "owner_id": "896608052039",
            "tags": {
              "Name": "dev"
            },
            "tags_all": {
              "Name": "dev"
            },
            "timeouts": null,
            "vpc_id": "vpc-062b88549320b2ad4"
          },
          "private": "eyJlMmJmYjczMC1lY2FhLTExZTYtOGY4OC0zNDM2M2JjN2M0YzAiOnsiY3JlYXRlIjoxMjAwMDAwMDAwMDAwLCJkZWxldGUiOjEyMDAwMDAwMDAwMDAsInVwZGF0ZSI6MTIwMDAwMDAwMDAwMH19",
          "dependencies": [
            "module.vpc.aws_vpc.vpc"
          ]
        }
      ]
    },
    {
      "module": "module.vpc",
      "mode": "managed",
      "type": "aws_route",
      "name": "route",
      "provider": "module.vpc.provider.aws",
      "instances": [
        {
          "schema_version": 0,
          "attributes": {
            "carrier_gateway_id": "",
            "core_network_arn": "",
            "destination_cidr_block": "0.0.0.0/0",
            "destination_ipv6_cidr_block": "",
            "destination_prefix_list_id": "",
            "egress_only_gateway_id": "",
            "gateway_id": "igw-06d6683eadff16593",
            "id": "r-rtb-08c77d071365fcb281080289494",
            "instance_id": "",
            "instance_owner_id": "",
            "local_gateway_id": "",
            "nat_gateway_id": "",
            "network_interface_id": "",
            "origin": "CreateRoute",
            "route_table_id": "rtb-08c77d071365fcb28",
            "state": "active",
            "timeouts": null,
            "transit_gateway_id": "",
            "vpc_endpoint_id": "",
            "vpc_peering_connection_id": ""
          },
          "private": "eyJlMmJmYjczMC1lY2FhLTExZTYtOGY4OC0zNDM2M2JjN2M0YzAiOnsiY3JlYXRlIjozMDAwMDAwMDAwMDAsImRlbGV0ZSI6MzAwMDAwMDAwMDAwLCJ1cGRhdGUiOjEyMDAwMDAwMDAwMH19",
          "dependencies": [
            "module.vpc.aws_internet_gateway.ig",
            "module.vpc.aws_vpc.vpc"
          ]
        }
      ]
    },
    {
      "module": "module.vpc",
      "mode": "managed",
      "type": "aws_vpc",
      "name": "vpc",
      "provider": "module.vpc.provider.aws",
      "instances": [
        {
          "schema_version": 1,
          "attributes": {
            "arn": "arn:aws:ec2:us-east-2:896608052039:vpc/vpc-062b88549320b2ad4",
            "assign_generated_ipv6_cidr_block": false,
            "cidr_block": "10.55.0.0/16",
            "default_network_acl_id": "acl-0ada165a52f20a863",
            "default_route_table_id": "rtb-08c77d071365fcb28",
            "default_security_group_id": "sg-057d192f497e9769f",
            "dhcp_options_id": "dopt-0efb443f4fd4239d1",
            "enable_dns_hostnames": true,
            "enable_dns_support": true,
            "enable_network_address_usage_metrics": false,
            "id": "vpc-062b88549320b2ad4",
            "instance_tenancy": "default",
            "ipv4_ipam_pool_id": null,
            "ipv4_netmask_length": null,
            "ipv6_association_id": "",
            "ipv6_cidr_block": "",
            "ipv6_cidr_block_network_border_group": "",
            "ipv6_ipam_pool_id": "",
            "ipv6_netmask_length": 0,
            "main_route_table_id": "rtb-08c77d071365fcb28",
            "owner_id": "896608052039",
            "tags": {
              "Environment": "dev",
              "Name": "dev"
            },
            "tags_all": {
              "Environment": "dev",
              "Name": "dev"
            }
          },
          "private": "eyJzY2hlbWFfdmVyc2lvbiI6IjEifQ=="
        }
      ]
    }
  ]
}
